
Microsoft Visual Studio Solution File, Format Version 12.00
# Visual Studio Version 17
VisualStudioVersion = 17.7.34003.232
MinimumVisualStudioVersion = 10.0.40219.1
Project("{9A19103F-16F7-4668-BE54-9A1E7A4F7556}") = "projectQLSV", "projectQLSV\projectQLSV.csproj", "{ABD84C2E-8EF0-4466-BFE3-1FC018090AFD}"
EndProject
Project("{9A19103F-16F7-4668-BE54-9A1E7A4F7556}") = "Design", "Design\Design.csproj", "{B67F689F-78C1-4566-A576-F5855C7F37C3}"
EndProject
Project("{9A19103F-16F7-4668-BE54-9A1E7A4F7556}") = "Infrastructure", "Infrastructure\Infrastructure.csproj", "{5B6235C1-D20B-49C7-9020-0491670FDD1A}"
EndProject
Global
	GlobalSection(SolutionConfigurationPlatforms) = preSolution
		Debug|Any CPU = Debug|Any CPU
		Release|Any CPU = Release|Any CPU
	EndGlobalSection
	GlobalSection(ProjectConfigurationPlatforms) = postSolution
		{ABD84C2E-8EF0-4466-BFE3-1FC018090AFD}.Debug|Any CPU.ActiveCfg = Debug|Any CPU
		{ABD84C2E-8EF0-4466-BFE3-1FC018090AFD}.Debug|Any CPU.Build.0 = Debug|Any CPU
		{ABD84C2E-8EF0-4466-BFE3-1FC018090AFD}.Release|Any CPU.ActiveCfg = Release|Any CPU
		{ABD84C2E-8EF0-4466-BFE3-1FC018090AFD}.Release|Any CPU.Build.0 = Release|Any CPU
		{B67F689F-78C1-4566-A576-F5855C7F37C3}.Debug|Any CPU.ActiveCfg = Debug|Any CPU
		{B67F689F-78C1-4566-A576-F5855C7F37C3}.Debug|Any CPU.Build.0 = Debug|Any CPU
		{B67F689F-78C1-4566-A576-F5855C7F37C3}.Release|Any CPU.ActiveCfg = Release|Any CPU
		{B67F689F-78C1-4566-A576-F5855C7F37C3}.Release|Any CPU.Build.0 = Release|Any CPU
		{5B6235C1-D20B-49C7-9020-0491670FDD1A}.Debug|Any CPU.ActiveCfg = Debug|Any CPU
		{5B6235C1-D20B-49C7-9020-0491670FDD1A}.Debug|Any CPU.Build.0 = Debug|Any CPU
		{5B6235C1-D20B-49C7-9020-0491670FDD1A}.Release|Any CPU.ActiveCfg = Release|Any CPU
		{5B6235C1-D20B-49C7-9020-0491670FDD1A}.Release|Any CPU.Build.0 = Release|Any CPU
	EndGlobalSection
	GlobalSection(SolutionProperties) = preSolution
		HideSolutionNode = FALSE
	EndGlobalSection
	GlobalSection(ExtensibilityGlobals) = postSolution
		SolutionGuid = {1C8ED776-3059-4F69-9226-478EAFCC9048}
	EndGlobalSection
EndGlobal
